# @generated - this file is auto-generated by `mise lock` https://mise.en.dev/dev-tools/mise-lock.html

[[tools.node]]
version = "24.2.0"
backend = "core:node"

[tools.node."platforms.linux-arm64"]
url = "https://nodejs.org/dist/v24.2.0/node-v24.2.0-linux-arm64.tar.gz"

[tools.node."platforms.linux-arm64-musl"]
url = "https://unofficial-builds.nodejs.org/download/release/v24.2.0/node-v24.2.0-linux-arm64-musl.tar.gz"

[tools.node."platforms.linux-x64"]
url = "https://nodejs.org/dist/v24.2.0/node-v24.2.0-linux-x64.tar.gz"

[tools.node."platforms.linux-x64-musl"]
url = "https://unofficial-builds.nodejs.org/download/release/v24.2.0/node-v24.2.0-linux-x64-musl.tar.gz"

[tools.node."platforms.macos-arm64"]
url = "https://nodejs.org/dist/v24.2.0/node-v24.2.0-darwin-arm64.tar.gz"

[tools.node."platforms.macos-x64"]
url = "https://nodejs.org/dist/v24.2.0/node-v24.2.0-darwin-x64.tar.gz"

[tools.node."platforms.windows-x64"]
url = "https://nodejs.org/dist/v24.2.0/node-v24.2.0-win-x64.zip"

[[tools.pnpm]]
version = "10.13.1"
backend = "aqua:pnpm/pnpm"

[tools.pnpm."platforms.linux-arm64"]
checksum = "sha256:0f6d0a1e1b95f2231ce76c13330c754bb76b8f069ca165e5cb8dbe225259f841"
url = "https://github.com/pnpm/pnpm/releases/download/v10.13.1/pnpm-linux-arm64"

[tools.pnpm."platforms.linux-arm64-musl"]
checksum = "sha256:0f6d0a1e1b95f2231ce76c13330c754bb76b8f069ca165e5cb8dbe225259f841"
url = "https://github.com/pnpm/pnpm/releases/download/v10.13.1/pnpm-linux-arm64"

[tools.pnpm."platforms.linux-x64"]
checksum = "sha256:e1cab530ea8252eb90e4add71d95838fd6f2656e6977f120df5ecb6f5b2822e0"
url = "https://github.com/pnpm/pnpm/releases/download/v10.13.1/pnpm-linux-x64"

[tools.pnpm."platforms.linux-x64-musl"]
checksum = "sha256:e1cab530ea8252eb90e4add71d95838fd6f2656e6977f120df5ecb6f5b2822e0"
url = "https://github.com/pnpm/pnpm/releases/download/v10.13.1/pnpm-linux-x64"

[tools.pnpm."platforms.macos-arm64"]
checksum = "sha256:831e5ce1a1b98c922088a3b93dbf1f3a9cc4d689da6a32f8e743e4aabadd2981"
url = "https://github.com/pnpm/pnpm/releases/download/v10.13.1/pnpm-macos-arm64"

[tools.pnpm."platforms.macos-x64"]
checksum = "sha256:29de572383f9bab9342e2677bce395b4a91d3e9cf2cd46d17d51a8e8fc847b56"
url = "https://github.com/pnpm/pnpm/releases/download/v10.13.1/pnpm-macos-x64"

[tools.pnpm."platforms.windows-x64"]
checksum = "sha256:dc342fd6a2d0a9701cc724e6972e8cbc73991de5fc3fff70c201b6433612f78b"
url = "https://github.com/pnpm/pnpm/releases/download/v10.13.1/pnpm-win-x64.exe"
